
Microsoft Visual Studio Solution File, Format Version 12.00
# Visual Studio 15
VisualStudioVersion = 15.0.28307.271
MinimumVisualStudioVersion = 10.0.40219.1
Project("{FAE04EC0-301F-11D3-BF4B-00C04F79EFBC}") = "DotSpatial.Projections", "DotSpatial.Projections\DotSpatial.Projections.csproj", "{567F9B23-365D-4349-8F20-735F7A1222D4}"
EndProject
Project("{FAE04EC0-301F-11D3-BF4B-00C04F79EFBC}") = "DotSpatial.Positioning", "DotSpatial.Positioning\DotSpatial.Positioning.csproj", "{B0346E4C-929C-41A2-A4F8-8E705B4E637F}"
EndProject
Project("{FAE04EC0-301F-11D3-BF4B-00C04F79EFBC}") = "DotSpatial.Serialization", "DotSpatial.Serialization\DotSpatial.Serialization.csproj", "{614D8DB5-5CA6-4B95-A650-BB4A0E5744E1}"
EndProject
Global
	GlobalSection(SolutionConfigurationPlatforms) = preSolution
		Debug|Any CPU = Debug|Any CPU
		Release|Any CPU = Release|Any CPU
	EndGlobalSection
	GlobalSection(ProjectConfigurationPlatforms) = postSolution
		{567F9B23-365D-4349-8F20-735F7A1222D4}.Debug|Any CPU.ActiveCfg = Debug|Any CPU
		{567F9B23-365D-4349-8F20-735F7A1222D4}.Debug|Any CPU.Build.0 = Debug|Any CPU
		{567F9B23-365D-4349-8F20-735F7A1222D4}.Release|Any CPU.ActiveCfg = Release|Any CPU
		{567F9B23-365D-4349-8F20-735F7A1222D4}.Release|Any CPU.Build.0 = Release|Any CPU
		{B0346E4C-929C-41A2-A4F8-8E705B4E637F}.Debug|Any CPU.ActiveCfg = Debug|Any CPU
		{B0346E4C-929C-41A2-A4F8-8E705B4E637F}.Debug|Any CPU.Build.0 = Debug|Any CPU
		{B0346E4C-929C-41A2-A4F8-8E705B4E637F}.Release|Any CPU.ActiveCfg = Release|Any CPU
		{B0346E4C-929C-41A2-A4F8-8E705B4E637F}.Release|Any CPU.Build.0 = Release|Any CPU
		{614D8DB5-5CA6-4B95-A650-BB4A0E5744E1}.Debug|Any CPU.ActiveCfg = Debug|Any CPU
		{614D8DB5-5CA6-4B95-A650-BB4A0E5744E1}.Debug|Any CPU.Build.0 = Debug|Any CPU
		{614D8DB5-5CA6-4B95-A650-BB4A0E5744E1}.Release|Any CPU.ActiveCfg = Release|Any CPU
		{614D8DB5-5CA6-4B95-A650-BB4A0E5744E1}.Release|Any CPU.Build.0 = Release|Any CPU
	EndGlobalSection
	GlobalSection(SolutionProperties) = preSolution
		HideSolutionNode = FALSE
	EndGlobalSection
	GlobalSection(ExtensibilityGlobals) = postSolution
		SolutionGuid = {7A0C0612-4CA0-484F-817C-D788160D62A8}
	EndGlobalSection
EndGlobal
